
Microsoft Visual Studio Solution File, Format Version 12.00
# Visual Studio Version 17
VisualStudioVersion = 17.14.36623.8
MinimumVisualStudioVersion = 10.0.40219.1
Project("{FAE04EC0-301F-11D3-BF4B-00C04F79EFBC}") = "My_Game", "ConsoleApp1\My_Game.csproj", "{1EC3A2B9-F43B-4DD3-8B18-59CDDDBB5C6A}"
EndProject
Global
	GlobalSection(SolutionConfigurationPlatforms) = preSolution
		Debug|Any CPU = Debug|Any CPU
		Release|Any CPU = Release|Any CPU
	EndGlobalSection
	GlobalSection(ProjectConfigurationPlatforms) = postSolution
		{1EC3A2B9-F43B-4DD3-8B18-59CDDDBB5C6A}.Debug|Any CPU.ActiveCfg = Debug|Any CPU
		{1EC3A2B9-F43B-4DD3-8B18-59CDDDBB5C6A}.Debug|Any CPU.Build.0 = Debug|Any CPU
		{1EC3A2B9-F43B-4DD3-8B18-59CDDDBB5C6A}.Release|Any CPU.ActiveCfg = Release|Any CPU
		{1EC3A2B9-F43B-4DD3-8B18-59CDDDBB5C6A}.Release|Any CPU.Build.0 = Release|Any CPU
	EndGlobalSection
	GlobalSection(SolutionProperties) = preSolution
		HideSolutionNode = FALSE
	EndGlobalSection
	GlobalSection(ExtensibilityGlobals) = postSolution
		SolutionGuid = {C9657FFD-E884-4661-9D6D-116ED4A07756}
	EndGlobalSection
EndGlobal
